// !$*UTF8*$!
{
	archiveVersion = 1;
	classes = {
	};
	objectVersion = 46;
	objects = {

/* Begin PBXBuildFile section */
		800754A61E7D92E600CF44D2 /* main.cpp in Sources */ = {isa = PBXBuildFile; fileRef = 800754A51E7D92E600CF44D2 /* main.cpp */; };
		80FE36741E7DB63800AD7021 /* CoreServices.framework in Frameworks */ = {isa = PBXBuildFile; fileRef = 80FE36731E7DB63800AD7021 /* CoreServices.framework */; };
		80FE36761E7DB63E00AD7021 /* CoreFoundation.framework in Frameworks */ = {isa = PBXBuildFile; fileRef = 80FE36751E7DB63E00AD7021 /* CoreFoundation.framework */; };
/* End PBXBuildFile section */

/* Begin PBXCopyFilesBuildPhase section */
		800754A01E7D92E600CF44D2 /* CopyFiles */ = {
			isa = PBXCopyFilesBuildPhase;
			buildActionMask = 2147483647;
			dstPath = /usr/share/man/man1/;
			dstSubfolderSpec = 0;
			files = (
			);
			runOnlyForDeploymentPostprocessing = 1;
		};
/* End PBXCopyFilesBuildPhase section */

/* Begin PBXFileReference section */
		800754A21E7D92E600CF44D2 /* direvents */ = {isa = PBXFileReference; explicitFileType = "compiled.mach-o.executable"; includeInIndex = 0; path = direvents; sourceTree = BUILT_PRODUCTS_DIR; };
		800754A51E7D92E600CF44D2 /* main.cpp */ = {isa = PBXFileReference; lastKnownFileType = sourcecode.cpp.cpp; path = main.cpp; sourceTree = "<group>"; };
		80FE36731E7DB63800AD7021 /* CoreServices.framework */ = {isa = PBXFileReference; lastKnownFileType = wrapper.framework; name = CoreServices.framework; path = System/Library/Frameworks/CoreServices.framework; sourceTree = SDKROOT; };
		80FE36751E7DB63E00AD7021 /* CoreFoundation.framework */ = {isa = PBXFileReference; lastKnownFileType = wrapper.framework; name = CoreFoundation.framework; path = System/Library/Frameworks/CoreFoundation.framework; sourceTree = SDKROOT; };
/* End PBXFileReference section */

/* Begin PBXFrameworksBuildPhase section */
		8007549F1E7D92E600CF44D2 /* Frameworks */ = {
			isa = PBXFrameworksBuildPhase;
			buildActionMask = 2147483647;
			files = (
				80FE36761E7DB63E00AD7021 /* CoreFoundation.framework in Frameworks */,
				80FE36741E7DB63800AD7021 /* CoreServices.framework in Frameworks */,
			);
			runOnlyForDeploymentPostprocessing = 0;
		};
/* End PBXFrameworksBuildPhase section */

/* Begin PBXGroup section */
		800754991E7D92E600CF44D2 = {
			isa = PBXGroup;
			children = (
				800754A41E7D92E600CF44D2 /* direvents */,
				800754A31E7D92E600CF44D2 /* Products */,
				80FE36721E7DB63800AD7021 /* Frameworks */,
			);
			sourceTree = "<group>";
		};
		800754A31E7D92E600CF44D2 /* Products */ = {
			isa = PBXGroup;
			children = (
				800754A21E7D92E600CF44D2 /* direvents */,
			);
			name = Products;
			sourceTree = "<group>";
		};
		800754A41E7D92E600CF44D2 /* direvents */ = {
			isa = PBXGroup;
			children = (
				800754A51E7D92E600CF44D2 /* main.cpp */,
			);
			path = direvents;
			sourceTree = "<group>";
		};
		80FE36721E7DB63800AD7021 /* Frameworks */ = {
			isa = PBXGroup;
			children = (
				80FE36751E7DB63E00AD7021 /* CoreFoundation.framework */,
				80FE36731E7DB63800AD7021 /* CoreServices.framework */,
			);
			name = Frameworks;
			sourceTree = "<group>";
		};
/* End PBXGroup section */

/* Begin PBXNativeTarget section */
		800754A11E7D92E600CF44D2 /* direvents */ = {
			isa = PBXNativeTarget;
			buildConfigurationList = 800754A91E7D92E600CF44D2 /* Build configuration list for PBXNativeTarget "direvents" */;
			buildPhases = (
				8007549E1E7D92E600CF44D2 /* Sources */,
				8007549F1E7D92E600CF44D2 /* Frameworks */,
				800754A01E7D92E600CF44D2 /* CopyFiles */,
			);
			buildRules = (
			);
			dependencies = (
			);
			name = direvents;
			productName = direvents;
			productReference = 800754A21E7D92E600CF44D2 /* direvents */;
			productType = "com.apple.product-type.tool";
		};
/* End PBXNativeTarget section */

/* Begin PBXProject section */
		8007549A1E7D92E600CF44D2 /* Project object */ = {
			isa = PBXProject;
			attributes = {
				LastUpgradeCheck = 0820;
				ORGANIZATIONNAME = "Lukas Solanka";
				TargetAttributes = {
					800754A11E7D92E600CF44D2 = {
						CreatedOnToolsVersion = 8.2.1;
						ProvisioningStyle = Automatic;
					};
				};
			};
			buildConfigurationList = 8007549D1E7D92E600CF44D2 /* Build configuration list for PBXProject "direvents" */;
			compatibilityVersion = "Xcode 3.2";
			developmentRegion = English;
			hasScannedForEncodings = 0;
			knownRegions = (
				en,
			);
			mainGroup = 800754991E7D92E600CF44D2;
			productRefGroup = 800754A31E7D92E600CF44D2 /* Products */;
			projectDirPath = "";
			projectRoot = "";
			targets = (
				800754A11E7D92E600CF44D2 /* direvents */,
			);
		};
/* End PBXProject section */

/* Begin PBXSourcesBuildPhase section */
		8007549E1E7D92E600CF44D2 /* Sources */ = {
			isa = PBXSourcesBuildPhase;
			buildActionMask = 2147483647;
			files = (
				800754A61E7D92E600CF44D2 /* main.cpp in Sources */,
			);
			runOnlyForDeploymentPostprocessing = 0;
		};
/* End PBXSourcesBuildPhase section */

/* Begin XCBuildConfiguration section */
		800754A71E7D92E600CF44D2 /* Debug */ = {
			isa = XCBuildConfiguration;
			buildSettings = {
				ALWAYS_SEARCH_USER_PATHS = NO;
				CLANG_ANALYZER_NONNULL = YES;
				CLANG_CXX_LANGUAGE_STANDARD = "gnu++0x";
				CLANG_CXX_LIBRARY = "libc++";
				CLANG_ENABLE_MODULES = YES;
				CLANG_ENABLE_OBJC_ARC = YES;
				CLANG_WARN_BOOL_CONVERSION = YES;
				CLANG_WARN_CONSTANT_CONVERSION = YES;
				CLANG_WARN_DIRECT_OBJC_ISA_USAGE = YES_ERROR;
				CLANG_WARN_DOCUMENTATION_COMMENTS = YES;
				CLANG_WARN_EMPTY_BODY = YES;
				CLANG_WARN_ENUM_CONVERSION = YES;
				CLANG_WARN_INFINITE_RECURSION = YES;
				CLANG_WARN_INT_CONVERSION = YES;
				CLANG_WARN_OBJC_ROOT_CLASS = YES_ERROR;
				CLANG_WARN_SUSPICIOUS_MOVE = YES;
				CLANG_WARN_UNREACHABLE_CODE = YES;
				CLANG_WARN__DUPLICATE_METHOD_MATCH = YES;
				CODE_SIGN_IDENTITY = "-";
				COPY_PHASE_STRIP = NO;
				DEBUG_INFORMATION_FORMAT = dwarf;
				ENABLE_STRICT_OBJC_MSGSEND = YES;
				ENABLE_TESTABILITY = YES;
				GCC_C_LANGUAGE_STANDARD = gnu99;
				GCC_DYNAMIC_NO_PIC = NO;
				GCC_NO_COMMON_BLOCKS = YES;
				GCC_OPTIMIZATION_LEVEL = 0;
				GCC_PREPROCESSOR_DEFINITIONS = (
					"DEBUG=1",
					"$(inherited)",
				);
				GCC_WARN_64_TO_32_BIT_CONVERSION = YES;
				GCC_WARN_ABOUT_RETURN_TYPE = YES_ERROR;
				GCC_WARN_UNDECLARED_SELECTOR = YES;
				GCC_WARN_UNINITIALIZED_AUTOS = YES_AGGRESSIVE;
				GCC_WARN_UNUSED_FUNCTION = YES;
				GCC_WARN_UNUSED_VARIABLE = YES;
				MACOSX_DEPLOYMENT_TARGET = 10.12;
				MTL_ENABLE_DEBUG_INFO = YES;
				ONLY_ACTIVE_ARCH = YES;
				SDKROOT = macosx;
			};
			name = Debug;
		};
		800754A81E7D92E600CF44D2 /* Release */ = {
			isa = XCBuildConfiguration;
			buildSettings = {
				ALWAYS_SEARCH_USER_PATHS = NO;
				CLANG_ANALYZER_NONNULL = YES;
				CLANG_CXX_LANGUAGE_STANDARD = "gnu++0x";
				CLANG_CXX_LIBRARY = "libc++";
				CLANG_ENABLE_MODULES = YES;
				CLANG_ENABLE_OBJC_ARC = YES;
				CLANG_WARN_BOOL_CONVERSION = YES;
				CLANG_WARN_CONSTANT_CONVERSION = YES;
				CLANG_WARN_DIRECT_OBJC_ISA_USAGE = YES_ERROR;
				CLANG_WARN_DOCUMENTATION_COMMENTS = YES;
				CLANG_WARN_EMPTY_BODY = YES;
				CLANG_WARN_ENUM_CONVERSION = YES;
				CLANG_WARN_INFINITE_RECURSION = YES;
				CLANG_WARN_INT_CONVERSION = YES;
				CLANG_WARN_OBJC_ROOT_CLASS = YES_ERROR;
				CLANG_WARN_SUSPICIOUS_MOVE = YES;
				CLANG_WARN_UNREACHABLE_CODE = YES;
				CLANG_WARN__DUPLICATE_METHOD_MATCH = YES;
				CODE_SIGN_IDENTITY = "-";
				COPY_PHASE_STRIP = NO;
				DEBUG_INFORMATION_FORMAT = "dwarf-with-dsym";
				ENABLE_NS_ASSERTIONS = NO;
				ENABLE_STRICT_OBJC_MSGSEND = YES;
				GCC_C_LANGUAGE_STANDARD = gnu99;
				GCC_NO_COMMON_BLOCKS = YES;
				GCC_WARN_64_TO_32_BIT_CONVERSION = YES;
				GCC_WARN_ABOUT_RETURN_TYPE = YES_ERROR;
				GCC_WARN_UNDECLARED_SELECTOR = YES;
				GCC_WARN_UNINITIALIZED_AUTOS = YES_AGGRESSIVE;
				GCC_WARN_UNUSED_FUNCTION = YES;
				GCC_WARN_UNUSED_VARIABLE = YES;
				MACOSX_DEPLOYMENT_TARGET = 10.12;
				MTL_ENABLE_DEBUG_INFO = NO;
				SDKROOT = macosx;
			};
			name = Release;
		};
		800754AA1E7D92E600CF44D2 /* Debug */ = {
			isa = XCBuildConfiguration;
			buildSettings = {
				CLANG_CXX_LANGUAGE_STANDARD = "c++14";
				PRODUCT_NAME = "$(TARGET_NAME)";
			};
			name = Debug;
		};
		800754AB1E7D92E600CF44D2 /* Release */ = {
			isa = XCBuildConfiguration;
			buildSettings = {
				CLANG_CXX_LANGUAGE_STANDARD = "c++14";
				PRODUCT_NAME = "$(TARGET_NAME)";
			};
			name = Release;
		};
/* End XCBuildConfiguration section */

/* Begin XCConfigurationList section */
		8007549D1E7D92E600CF44D2 /* Build configuration list for PBXProject "direvents" */ = {
			isa = XCConfigurationList;
			buildConfigurations = (
				800754A71E7D92E600CF44D2 /* Debug */,
				800754A81E7D92E600CF44D2 /* Release */,
			);
			defaultConfigurationIsVisible = 0;
			defaultConfigurationName = Release;
		};
		800754A91E7D92E600CF44D2 /* Build configuration list for PBXNativeTarget "direvents" */ = {
			isa = XCConfigurationList;
			buildConfigurations = (
				800754AA1E7D92E600CF44D2 /* Debug */,
				800754AB1E7D92E600CF44D2 /* Release */,
			);
			defaultConfigurationIsVisible = 0;
			defaultConfigurationName = Release;
		};
/* End XCConfigurationList section */
	};
	rootObject = 8007549A1E7D92E600CF44D2 /* Project object */;
}
